{
  "requires": true,
  "lockfileVersion": 1,
  "dependencies": {
    "fetch-awesome": {
      "version": "2.0.3",
      "resolved": "https://registry.npmjs.org/fetch-awesome/-/fetch-awesome-2.0.3.tgz",
      "integrity": "sha512-0R79QHrfdO1lyd78s9IIfbdqMKgF6AiLMf9KJQuZg1vkpbiokrxgVkTh6xRM1ni5oysJtsJx/G2984NGq2AJ/g==",
      "requires": {
        "react-native-module-check": "^2.6.2",
        "react-native-module-guard": "^2.6.2",
        "yarn": "^1.7.0"
      }
    },
    "invariant": {
      "version": "2.2.4",
      "resolved": "https://registry.npmjs.org/invariant/-/invariant-2.2.4.tgz",
      "integrity": "sha512-phJfQVBuaJM5raOpJjSfkiD6BpbCE4Ns//LaXl6wGYtUBY83nWS6Rf9tXm2e8VaK60JEjYldbPif/A2B1C2gNA==",
      "requires": {
        "loose-envify": "^1.0.0"
      }
    },
    "js-tokens": {
      "version": "4.0.0",
      "resolved": "https://registry.npmjs.org/js-tokens/-/js-tokens-4.0.0.tgz",
      "integrity": "sha512-RdJUflcE3cUzKiMqQgsCu06FPu9UdIJO0beYbPhHN4k6apgJtifcoCtT9bcxOpYBtpD2kCM6Sbzg4CausW/PKQ=="
    },
    "loose-envify": {
      "version": "1.4.0",
      "resolved": "https://registry.npmjs.org/loose-envify/-/loose-envify-1.4.0.tgz",
      "integrity": "sha512-lyuxPGr/Wfhrlem2CL/UcnUc1zcqKAImBDzukY7Y5F/yQiNdko6+fRLevlw1HgMySw7f611UIY408EtxRSoK3Q==",
      "requires": {
        "js-tokens": "^3.0.0 || ^4.0.0"
      }
    },
    "react-native-module-check": {
      "version": "2.6.2",
      "resolved": "https://registry.npmjs.org/react-native-module-check/-/react-native-module-check-2.6.2.tgz",
      "integrity": "sha512-Thm+dfELhc7FZ86Hsoxc25gtQa65C+Z9BXhi9rxDcnRKwCJ+DoCED5jdfvFm8g03WzYkqGojncZ1lNZ+c/sfUg==",
      "requires": {
        "invariant": "^2.2.2",
        "warning": "^3.0.0"
      }
    },
    "react-native-module-guard": {
      "version": "2.6.2",
      "resolved": "https://registry.npmjs.org/react-native-module-guard/-/react-native-module-guard-2.6.2.tgz",
      "integrity": "sha512-jXY25yZVYf2VpYU/vC7lsZ4b/9avP7otrZVQ/OQRf39KasxRYaIZTmR69LYlguM7x9Vo3VXe27zor9fibwfi1A==",
      "requires": {
        "warning": "^3.0.0"
      }
    },
    "warning": {
      "version": "3.0.0",
      "resolved": "https://registry.npmjs.org/warning/-/warning-3.0.0.tgz",
      "integrity": "sha1-MuU3fLVy3kqwR1O9+IIcAe1gW3w=",
      "requires": {
        "loose-envify": "^1.0.0"
      }
    },
    "yarn": {
      "version": "1.17.3",
      "resolved": "https://registry.npmjs.org/yarn/-/yarn-1.17.3.tgz",
      "integrity": "sha512-CgA8o7nRZaQvmeF/WBx2FC7f9W/0X59T2IaLYqgMo6637wfp5mMEsM3YXoJtKUspnpmDJKl/gGFhnqS+sON7hA=="
    }
  }
}
